{
  "version": 4,
  "terraform_version": "1.0.0",
  "serial": 88,
  "lineage": "f70131ba-73a5-b14b-0e9c-8583997e44d3",
  "outputs": {
    "FGTPublicIP": {
      "value": "52.149.6.117",
      "type": "string"
    },
    "Password": {
      "value": "Fortinet123#",
      "type": "string"
    },
    "ResourceGroup": {
      "value": "terraformRSG",
      "type": "string"
    },
    "Username": {
      "value": "azureadmin",
      "type": "string"
    }
  },
  "resources": [
    {
      "mode": "data",
      "type": "template_file",
      "name": "fgtvm",
      "provider": "provider[\"registry.terraform.io/hashicorp/template\"]",
      "instances": [
        {
          "schema_version": 0,
          "attributes": {
            "filename": null,
            "id": "fa0b780a1948baa21698f76287f6164615d83700877f8db3777ccb588b66abed",
            "rendered": "Content-Type: multipart/mixed; boundary=\"==AZURE==\"\nMIME-Version: 1.0\n\n--==AZURE==\nContent-Type: text/x-shellscript; charset=\"us-ascii\"\nMIME-Version: 1.0\n\nconfig system global\nset hostname FGTVM\nend\nconfig system interface\nedit port1\nset alias public\nset mode dhcp\nset allowaccess ping https ssh fgfm\nnext\nedit port2\nset alias private\nset mode dhcp\nset allowaccess ping https ssh fgfm\nset defaultgw disable\nnext\nend\n\n\n--==AZURE==--\n",
            "template": "Content-Type: multipart/mixed; boundary=\"==AZURE==\"\nMIME-Version: 1.0\n\n--==AZURE==\nContent-Type: text/x-shellscript; charset=\"us-ascii\"\nMIME-Version: 1.0\n\nconfig system global\nset hostname FGTVM\nend\nconfig system interface\nedit port1\nset alias public\nset mode dhcp\nset allowaccess ping https ssh fgfm\nnext\nedit port2\nset alias private\nset mode dhcp\nset allowaccess ping https ssh fgfm\nset defaultgw disable\nnext\nend\n\n%{ if type == \"byol\" }\n--==AZURE==\nContent-Type: text/plain; charset=\"us-ascii\"\nMIME-Version: 1.0\nContent-Transfer-Encoding: 7bit\nContent-Disposition: attachment; filename=\"license\"\n\n${file(license_file)}\n\n%{ endif }\n--==AZURE==--\n",
            "vars": {
              "license_file": "license.txt",
              "type": "payg"
            }
          },
          "sensitive_attributes": []
        }
      ]
    },
    {
      "mode": "managed",
      "type": "azurerm_network_interface",
      "name": "fgtport1",
      "provider": "provider[\"registry.terraform.io/hashicorp/azurerm\"]",
      "instances": [
        {
          "schema_version": 0,
          "attributes": {
            "applied_dns_servers": [],
            "dns_servers": [],
            "enable_accelerated_networking": false,
            "enable_ip_forwarding": false,
            "id": "/subscriptions/a2707b44-1087-4ba6-8c61-abb576b2ff66/resourceGroups/terraformRSG/providers/Microsoft.Network/networkInterfaces/fgtport1",
            "internal_dns_name_label": "",
            "internal_domain_name_suffix": "gyaulti4vrqe1oebpirixafzoh.xx.internal.cloudapp.net",
            "ip_configuration": [
              {
                "gateway_load_balancer_frontend_ip_configuration_id": "",
                "name": "ipconfig1",
                "primary": true,
                "private_ip_address": "10.1.0.4",
                "private_ip_address_allocation": "Dynamic",
                "private_ip_address_version": "IPv4",
                "public_ip_address_id": "/subscriptions/a2707b44-1087-4ba6-8c61-abb576b2ff66/resourceGroups/terraformRSG/providers/Microsoft.Network/publicIPAddresses/FGTPublicIP",
                "subnet_id": "/subscriptions/a2707b44-1087-4ba6-8c61-abb576b2ff66/resourceGroups/terraformRSG/providers/Microsoft.Network/virtualNetworks/fgtvnetwork/subnets/publicSubnet"
              }
            ],
            "location": "westus2",
            "mac_address": "",
            "name": "fgtport1",
            "private_ip_address": "10.1.0.4",
            "private_ip_addresses": [
              "10.1.0.4"
            ],
            "resource_group_name": "terraformRSG",
            "tags": {
              "environment": "Terraform Demo"
            },
            "timeouts": null,
            "virtual_machine_id": ""
          },
          "sensitive_attributes": [],
          "private": "eyJlMmJmYjczMC1lY2FhLTExZTYtOGY4OC0zNDM2M2JjN2M0YzAiOnsiY3JlYXRlIjoxODAwMDAwMDAwMDAwLCJkZWxldGUiOjE4MDAwMDAwMDAwMDAsInJlYWQiOjMwMDAwMDAwMDAwMCwidXBkYXRlIjoxODAwMDAwMDAwMDAwfX0=",
          "dependencies": [
            "azurerm_public_ip.FGTPublicIp",
            "azurerm_resource_group.myterraformgroup",
            "azurerm_subnet.publicsubnet",
            "azurerm_virtual_network.fgtvnetwork"
          ]
        }
      ]
    },
    {
      "mode": "managed",
      "type": "azurerm_network_interface",
      "name": "fgtport2",
      "provider": "provider[\"registry.terraform.io/hashicorp/azurerm\"]",
      "instances": [
        {
          "schema_version": 0,
          "attributes": {
            "applied_dns_servers": [],
            "dns_servers": [],
            "enable_accelerated_networking": false,
            "enable_ip_forwarding": true,
            "id": "/subscriptions/a2707b44-1087-4ba6-8c61-abb576b2ff66/resourceGroups/terraformRSG/providers/Microsoft.Network/networkInterfaces/fgtport2",
            "internal_dns_name_label": "",
            "internal_domain_name_suffix": "gyaulti4vrqe1oebpirixafzoh.xx.internal.cloudapp.net",
            "ip_configuration": [
              {
                "gateway_load_balancer_frontend_ip_configuration_id": "",
                "name": "ipconfig1",
                "primary": true,
                "private_ip_address": "10.1.1.4",
                "private_ip_address_allocation": "Dynamic",
                "private_ip_address_version": "IPv4",
                "public_ip_address_id": "",
                "subnet_id": "/subscriptions/a2707b44-1087-4ba6-8c61-abb576b2ff66/resourceGroups/terraformRSG/providers/Microsoft.Network/virtualNetworks/fgtvnetwork/subnets/privateSubnet"
              }
            ],
            "location": "westus2",
            "mac_address": "",
            "name": "fgtport2",
            "private_ip_address": "10.1.1.4",
            "private_ip_addresses": [
              "10.1.1.4"
            ],
            "resource_group_name": "terraformRSG",
            "tags": {
              "environment": "Terraform Demo"
            },
            "timeouts": null,
            "virtual_machine_id": ""
          },
          "sensitive_attributes": [],
          "private": "eyJlMmJmYjczMC1lY2FhLTExZTYtOGY4OC0zNDM2M2JjN2M0YzAiOnsiY3JlYXRlIjoxODAwMDAwMDAwMDAwLCJkZWxldGUiOjE4MDAwMDAwMDAwMDAsInJlYWQiOjMwMDAwMDAwMDAwMCwidXBkYXRlIjoxODAwMDAwMDAwMDAwfX0=",
          "dependencies": [
            "azurerm_resource_group.myterraformgroup",
            "azurerm_subnet.privatesubnet",
            "azurerm_virtual_network.fgtvnetwork"
          ]
        }
      ]
    },
    {
      "mode": "managed",
      "type": "azurerm_network_interface_security_group_association",
      "name": "port1nsg",
      "provider": "provider[\"registry.terraform.io/hashicorp/azurerm\"]",
      "instances": [
        {
          "schema_version": 0,
          "attributes": {
            "id": "/subscriptions/a2707b44-1087-4ba6-8c61-abb576b2ff66/resourceGroups/terraformRSG/providers/Microsoft.Network/networkInterfaces/fgtport1|/subscriptions/a2707b44-1087-4ba6-8c61-abb576b2ff66/resourceGroups/terraformRSG/providers/Microsoft.Network/networkSecurityGroups/PublicNetworkSecurityGroup",
            "network_interface_id": "/subscriptions/a2707b44-1087-4ba6-8c61-abb576b2ff66/resourceGroups/terraformRSG/providers/Microsoft.Network/networkInterfaces/fgtport1",
            "network_security_group_id": "/subscriptions/a2707b44-1087-4ba6-8c61-abb576b2ff66/resourceGroups/terraformRSG/providers/Microsoft.Network/networkSecurityGroups/PublicNetworkSecurityGroup",
            "timeouts": null
          },
          "sensitive_attributes": [],
          "private": "eyJlMmJmYjczMC1lY2FhLTExZTYtOGY4OC0zNDM2M2JjN2M0YzAiOnsiY3JlYXRlIjoxODAwMDAwMDAwMDAwLCJkZWxldGUiOjE4MDAwMDAwMDAwMDAsInJlYWQiOjMwMDAwMDAwMDAwMCwidXBkYXRlIjoxODAwMDAwMDAwMDAwfX0=",
          "dependencies": [
            "azurerm_network_interface.fgtport1",
            "azurerm_network_security_group.publicnetworknsg",
            "azurerm_public_ip.FGTPublicIp",
            "azurerm_resource_group.myterraformgroup",
            "azurerm_subnet.publicsubnet",
            "azurerm_virtual_network.fgtvnetwork"
          ]
        }
      ]
    },
    {
      "mode": "managed",
      "type": "azurerm_network_interface_security_group_association",
      "name": "port2nsg",
      "provider": "provider[\"registry.terraform.io/hashicorp/azurerm\"]",
      "instances": [
        {
          "schema_version": 0,
          "attributes": {
            "id": "/subscriptions/a2707b44-1087-4ba6-8c61-abb576b2ff66/resourceGroups/terraformRSG/providers/Microsoft.Network/networkInterfaces/fgtport2|/subscriptions/a2707b44-1087-4ba6-8c61-abb576b2ff66/resourceGroups/terraformRSG/providers/Microsoft.Network/networkSecurityGroups/PrivateNetworkSecurityGroup",
            "network_interface_id": "/subscriptions/a2707b44-1087-4ba6-8c61-abb576b2ff66/resourceGroups/terraformRSG/providers/Microsoft.Network/networkInterfaces/fgtport2",
            "network_security_group_id": "/subscriptions/a2707b44-1087-4ba6-8c61-abb576b2ff66/resourceGroups/terraformRSG/providers/Microsoft.Network/networkSecurityGroups/PrivateNetworkSecurityGroup",
            "timeouts": null
          },
          "sensitive_attributes": [],
          "private": "eyJlMmJmYjczMC1lY2FhLTExZTYtOGY4OC0zNDM2M2JjN2M0YzAiOnsiY3JlYXRlIjoxODAwMDAwMDAwMDAwLCJkZWxldGUiOjE4MDAwMDAwMDAwMDAsInJlYWQiOjMwMDAwMDAwMDAwMCwidXBkYXRlIjoxODAwMDAwMDAwMDAwfX0=",
          "dependencies": [
            "azurerm_network_interface.fgtport2",
            "azurerm_network_security_group.privatenetworknsg",
            "azurerm_resource_group.myterraformgroup",
            "azurerm_subnet.privatesubnet",
            "azurerm_virtual_network.fgtvnetwork"
          ]
        }
      ]
    },
    {
      "mode": "managed",
      "type": "azurerm_network_security_group",
      "name": "privatenetworknsg",
      "provider": "provider[\"registry.terraform.io/hashicorp/azurerm\"]",
      "instances": [
        {
          "schema_version": 0,
          "attributes": {
            "id": "/subscriptions/a2707b44-1087-4ba6-8c61-abb576b2ff66/resourceGroups/terraformRSG/providers/Microsoft.Network/networkSecurityGroups/PrivateNetworkSecurityGroup",
            "location": "westus2",
            "name": "PrivateNetworkSecurityGroup",
            "resource_group_name": "terraformRSG",
            "security_rule": [
              {
                "access": "Allow",
                "description": "",
                "destination_address_prefix": "*",
                "destination_address_prefixes": [],
                "destination_application_security_group_ids": [],
                "destination_port_range": "*",
                "destination_port_ranges": [],
                "direction": "Inbound",
                "name": "All",
                "priority": 1001,
                "protocol": "*",
                "source_address_prefix": "*",
                "source_address_prefixes": [],
                "source_application_security_group_ids": [],
                "source_port_range": "*",
                "source_port_ranges": []
              }
            ],
            "tags": {
              "environment": "Terraform Demo"
            },
            "timeouts": null
          },
          "sensitive_attributes": [],
          "private": "eyJlMmJmYjczMC1lY2FhLTExZTYtOGY4OC0zNDM2M2JjN2M0YzAiOnsiY3JlYXRlIjoxODAwMDAwMDAwMDAwLCJkZWxldGUiOjE4MDAwMDAwMDAwMDAsInJlYWQiOjMwMDAwMDAwMDAwMCwidXBkYXRlIjoxODAwMDAwMDAwMDAwfX0=",
          "dependencies": [
            "azurerm_resource_group.myterraformgroup"
          ]
        }
      ]
    },
    {
      "mode": "managed",
      "type": "azurerm_network_security_group",
      "name": "publicnetworknsg",
      "provider": "provider[\"registry.terraform.io/hashicorp/azurerm\"]",
      "instances": [
        {
          "schema_version": 0,
          "attributes": {
            "id": "/subscriptions/a2707b44-1087-4ba6-8c61-abb576b2ff66/resourceGroups/terraformRSG/providers/Microsoft.Network/networkSecurityGroups/PublicNetworkSecurityGroup",
            "location": "westus2",
            "name": "PublicNetworkSecurityGroup",
            "resource_group_name": "terraformRSG",
            "security_rule": [
              {
                "access": "Allow",
                "description": "",
                "destination_address_prefix": "*",
                "destination_address_prefixes": [],
                "destination_application_security_group_ids": [],
                "destination_port_range": "*",
                "destination_port_ranges": [],
                "direction": "Inbound",
                "name": "TCP",
                "priority": 1001,
                "protocol": "Tcp",
                "source_address_prefix": "*",
                "source_address_prefixes": [],
                "source_application_security_group_ids": [],
                "source_port_range": "*",
                "source_port_ranges": []
              }
            ],
            "tags": {
              "environment": "Terraform Demo"
            },
            "timeouts": null
          },
          "sensitive_attributes": [],
          "private": "eyJlMmJmYjczMC1lY2FhLTExZTYtOGY4OC0zNDM2M2JjN2M0YzAiOnsiY3JlYXRlIjoxODAwMDAwMDAwMDAwLCJkZWxldGUiOjE4MDAwMDAwMDAwMDAsInJlYWQiOjMwMDAwMDAwMDAwMCwidXBkYXRlIjoxODAwMDAwMDAwMDAwfX0=",
          "dependencies": [
            "azurerm_resource_group.myterraformgroup"
          ]
        }
      ]
    },
    {
      "mode": "managed",
      "type": "azurerm_network_security_rule",
      "name": "outgoing_private",
      "provider": "provider[\"registry.terraform.io/hashicorp/azurerm\"]",
      "instances": [
        {
          "schema_version": 0,
          "attributes": {
            "access": "Allow",
            "description": "",
            "destination_address_prefix": "*",
            "destination_address_prefixes": null,
            "destination_application_security_group_ids": null,
            "destination_port_range": "*",
            "destination_port_ranges": null,
            "direction": "Outbound",
            "id": "/subscriptions/a2707b44-1087-4ba6-8c61-abb576b2ff66/resourceGroups/terraformRSG/providers/Microsoft.Network/networkSecurityGroups/PrivateNetworkSecurityGroup/securityRules/egress-private",
            "name": "egress-private",
            "network_security_group_name": "PrivateNetworkSecurityGroup",
            "priority": 100,
            "protocol": "*",
            "resource_group_name": "terraformRSG",
            "source_address_prefix": "*",
            "source_address_prefixes": null,
            "source_application_security_group_ids": null,
            "source_port_range": "*",
            "source_port_ranges": null,
            "timeouts": null
          },
          "sensitive_attributes": [],
          "private": "eyJlMmJmYjczMC1lY2FhLTExZTYtOGY4OC0zNDM2M2JjN2M0YzAiOnsiY3JlYXRlIjoxODAwMDAwMDAwMDAwLCJkZWxldGUiOjE4MDAwMDAwMDAwMDAsInJlYWQiOjMwMDAwMDAwMDAwMCwidXBkYXRlIjoxODAwMDAwMDAwMDAwfX0=",
          "dependencies": [
            "azurerm_network_security_group.privatenetworknsg",
            "azurerm_resource_group.myterraformgroup"
          ]
        }
      ]
    },
    {
      "mode": "managed",
      "type": "azurerm_network_security_rule",
      "name": "outgoing_public",
      "provider": "provider[\"registry.terraform.io/hashicorp/azurerm\"]",
      "instances": [
        {
          "schema_version": 0,
          "attributes": {
            "access": "Allow",
            "description": "",
            "destination_address_prefix": "*",
            "destination_address_prefixes": null,
            "destination_application_security_group_ids": null,
            "destination_port_range": "*",
            "destination_port_ranges": null,
            "direction": "Outbound",
            "id": "/subscriptions/a2707b44-1087-4ba6-8c61-abb576b2ff66/resourceGroups/terraformRSG/providers/Microsoft.Network/networkSecurityGroups/PublicNetworkSecurityGroup/securityRules/egress",
            "name": "egress",
            "network_security_group_name": "PublicNetworkSecurityGroup",
            "priority": 100,
            "protocol": "*",
            "resource_group_name": "terraformRSG",
            "source_address_prefix": "*",
            "source_address_prefixes": null,
            "source_application_security_group_ids": null,
            "source_port_range": "*",
            "source_port_ranges": null,
            "timeouts": null
          },
          "sensitive_attributes": [],
          "private": "eyJlMmJmYjczMC1lY2FhLTExZTYtOGY4OC0zNDM2M2JjN2M0YzAiOnsiY3JlYXRlIjoxODAwMDAwMDAwMDAwLCJkZWxldGUiOjE4MDAwMDAwMDAwMDAsInJlYWQiOjMwMDAwMDAwMDAwMCwidXBkYXRlIjoxODAwMDAwMDAwMDAwfX0=",
          "dependencies": [
            "azurerm_network_security_group.publicnetworknsg",
            "azurerm_resource_group.myterraformgroup"
          ]
        }
      ]
    },
    {
      "mode": "managed",
      "type": "azurerm_public_ip",
      "name": "FGTPublicIp",
      "provider": "provider[\"registry.terraform.io/hashicorp/azurerm\"]",
      "instances": [
        {
          "schema_version": 0,
          "attributes": {
            "allocation_method": "Static",
            "availability_zone": "No-Zone",
            "domain_name_label": null,
            "fqdn": null,
            "id": "/subscriptions/a2707b44-1087-4ba6-8c61-abb576b2ff66/resourceGroups/terraformRSG/providers/Microsoft.Network/publicIPAddresses/FGTPublicIP",
            "idle_timeout_in_minutes": 4,
            "ip_address": "52.149.6.117",
            "ip_tags": null,
            "ip_version": "IPv4",
            "location": "westus2",
            "name": "FGTPublicIP",
            "public_ip_prefix_id": null,
            "resource_group_name": "terraformRSG",
            "reverse_fqdn": null,
            "sku": "Basic",
            "sku_tier": "Regional",
            "tags": {
              "environment": "Terraform Demo"
            },
            "timeouts": null,
            "zones": []
          },
          "sensitive_attributes": [],
          "private": "eyJlMmJmYjczMC1lY2FhLTExZTYtOGY4OC0zNDM2M2JjN2M0YzAiOnsiY3JlYXRlIjoxODAwMDAwMDAwMDAwLCJkZWxldGUiOjE4MDAwMDAwMDAwMDAsInJlYWQiOjMwMDAwMDAwMDAwMCwidXBkYXRlIjoxODAwMDAwMDAwMDAwfX0=",
          "dependencies": [
            "azurerm_resource_group.myterraformgroup"
          ]
        }
      ]
    },
    {
      "mode": "managed",
      "type": "azurerm_resource_group",
      "name": "myterraformgroup",
      "provider": "provider[\"registry.terraform.io/hashicorp/azurerm\"]",
      "instances": [
        {
          "schema_version": 0,
          "attributes": {
            "id": "/subscriptions/a2707b44-1087-4ba6-8c61-abb576b2ff66/resourceGroups/terraformRSG",
            "location": "westus2",
            "name": "terraformRSG",
            "tags": {
              "environment": "Terraform Demo"
            },
            "timeouts": null
          },
          "sensitive_attributes": [],
          "private": "eyJlMmJmYjczMC1lY2FhLTExZTYtOGY4OC0zNDM2M2JjN2M0YzAiOnsiY3JlYXRlIjo1NDAwMDAwMDAwMDAwLCJkZWxldGUiOjU0MDAwMDAwMDAwMDAsInJlYWQiOjMwMDAwMDAwMDAwMCwidXBkYXRlIjo1NDAwMDAwMDAwMDAwfX0="
        }
      ]
    },
    {
      "mode": "managed",
      "type": "azurerm_route",
      "name": "default",
      "provider": "provider[\"registry.terraform.io/hashicorp/azurerm\"]",
      "instances": [
        {
          "schema_version": 0,
          "attributes": {
            "address_prefix": "0.0.0.0/0",
            "id": "/subscriptions/a2707b44-1087-4ba6-8c61-abb576b2ff66/resourceGroups/terraformRSG/providers/Microsoft.Network/routeTables/InternalRouteTable1/routes/default",
            "name": "default",
            "next_hop_in_ip_address": "10.1.1.4",
            "next_hop_type": "VirtualAppliance",
            "resource_group_name": "terraformRSG",
            "route_table_name": "InternalRouteTable1",
            "timeouts": null
          },
          "sensitive_attributes": [],
          "private": "eyJlMmJmYjczMC1lY2FhLTExZTYtOGY4OC0zNDM2M2JjN2M0YzAiOnsiY3JlYXRlIjoxODAwMDAwMDAwMDAwLCJkZWxldGUiOjE4MDAwMDAwMDAwMDAsInJlYWQiOjMwMDAwMDAwMDAwMCwidXBkYXRlIjoxODAwMDAwMDAwMDAwfX0=",
          "dependencies": [
            "azurerm_network_interface.fgtport1",
            "azurerm_network_interface.fgtport2",
            "azurerm_public_ip.FGTPublicIp",
            "azurerm_resource_group.myterraformgroup",
            "azurerm_route_table.internal",
            "azurerm_storage_account.fgtstorageaccount",
            "azurerm_subnet.privatesubnet",
            "azurerm_subnet.publicsubnet",
            "azurerm_virtual_machine.fgtvm",
            "azurerm_virtual_network.fgtvnetwork",
            "data.template_file.fgtvm",
            "random_id.randomId"
          ]
        }
      ]
    },
    {
      "mode": "managed",
      "type": "azurerm_route_table",
      "name": "internal",
      "provider": "provider[\"registry.terraform.io/hashicorp/azurerm\"]",
      "instances": [
        {
          "schema_version": 0,
          "attributes": {
            "disable_bgp_route_propagation": false,
            "id": "/subscriptions/a2707b44-1087-4ba6-8c61-abb576b2ff66/resourceGroups/terraformRSG/providers/Microsoft.Network/routeTables/InternalRouteTable1",
            "location": "westus2",
            "name": "InternalRouteTable1",
            "resource_group_name": "terraformRSG",
            "route": [],
            "subnets": [],
            "tags": null,
            "timeouts": null
          },
          "sensitive_attributes": [],
          "private": "eyJlMmJmYjczMC1lY2FhLTExZTYtOGY4OC0zNDM2M2JjN2M0YzAiOnsiY3JlYXRlIjoxODAwMDAwMDAwMDAwLCJkZWxldGUiOjE4MDAwMDAwMDAwMDAsInJlYWQiOjMwMDAwMDAwMDAwMCwidXBkYXRlIjoxODAwMDAwMDAwMDAwfX0=",
          "dependencies": [
            "azurerm_network_interface.fgtport1",
            "azurerm_network_interface.fgtport2",
            "azurerm_public_ip.FGTPublicIp",
            "azurerm_resource_group.myterraformgroup",
            "azurerm_storage_account.fgtstorageaccount",
            "azurerm_subnet.privatesubnet",
            "azurerm_subnet.publicsubnet",
            "azurerm_virtual_machine.fgtvm",
            "azurerm_virtual_network.fgtvnetwork",
            "data.template_file.fgtvm",
            "random_id.randomId"
          ]
        }
      ]
    },
    {
      "mode": "managed",
      "type": "azurerm_storage_account",
      "name": "fgtstorageaccount",
      "provider": "provider[\"registry.terraform.io/hashicorp/azurerm\"]",
      "instances": [
        {
          "schema_version": 2,
          "attributes": {
            "access_tier": "Hot",
            "account_kind": "StorageV2",
            "account_replication_type": "LRS",
            "account_tier": "Standard",
            "allow_blob_public_access": false,
            "azure_files_authentication": [],
            "blob_properties": [
              {
                "change_feed_enabled": false,
                "container_delete_retention_policy": [],
                "cors_rule": [],
                "default_service_version": "",
                "delete_retention_policy": [],
                "last_access_time_enabled": false,
                "versioning_enabled": false
              }
            ],
            "custom_domain": [],
            "enable_https_traffic_only": true,
            "id": "/subscriptions/a2707b44-1087-4ba6-8c61-abb576b2ff66/resourceGroups/terraformRSG/providers/Microsoft.Storage/storageAccounts/diagfe97f4c23eef82bc",
            "identity": [],
            "is_hns_enabled": false,
            "large_file_share_enabled": null,
            "location": "westus2",
            "min_tls_version": "TLS1_0",
            "name": "diagfe97f4c23eef82bc",
            "network_rules": [
              {
                "bypass": [
                  "AzureServices"
                ],
                "default_action": "Allow",
                "ip_rules": [],
                "private_link_access": [],
                "virtual_network_subnet_ids": []
              }
            ],
            "nfsv3_enabled": false,
            "primary_access_key": "cGFUansBu1ENSIEwDhwMoswZjZq6I582v22Ej7Z+YpopUB8Cut9Ft20LoKFvA+AWzf0g8EsyzzZ9Sd1N5JO1wA==",
            "primary_blob_connection_string": "DefaultEndpointsProtocol=https;BlobEndpoint=https://diagfe97f4c23eef82bc.blob.core.windows.net/;AccountName=diagfe97f4c23eef82bc;AccountKey=cGFUansBu1ENSIEwDhwMoswZjZq6I582v22Ej7Z+YpopUB8Cut9Ft20LoKFvA+AWzf0g8EsyzzZ9Sd1N5JO1wA==",
            "primary_blob_endpoint": "https://diagfe97f4c23eef82bc.blob.core.windows.net/",
            "primary_blob_host": "diagfe97f4c23eef82bc.blob.core.windows.net",
            "primary_connection_string": "DefaultEndpointsProtocol=https;AccountName=diagfe97f4c23eef82bc;AccountKey=cGFUansBu1ENSIEwDhwMoswZjZq6I582v22Ej7Z+YpopUB8Cut9Ft20LoKFvA+AWzf0g8EsyzzZ9Sd1N5JO1wA==;EndpointSuffix=core.windows.net",
            "primary_dfs_endpoint": "https://diagfe97f4c23eef82bc.dfs.core.windows.net/",
            "primary_dfs_host": "diagfe97f4c23eef82bc.dfs.core.windows.net",
            "primary_file_endpoint": "https://diagfe97f4c23eef82bc.file.core.windows.net/",
            "primary_file_host": "diagfe97f4c23eef82bc.file.core.windows.net",
            "primary_location": "westus2",
            "primary_queue_endpoint": "https://diagfe97f4c23eef82bc.queue.core.windows.net/",
            "primary_queue_host": "diagfe97f4c23eef82bc.queue.core.windows.net",
            "primary_table_endpoint": "https://diagfe97f4c23eef82bc.table.core.windows.net/",
            "primary_table_host": "diagfe97f4c23eef82bc.table.core.windows.net",
            "primary_web_endpoint": "https://diagfe97f4c23eef82bc.z5.web.core.windows.net/",
            "primary_web_host": "diagfe97f4c23eef82bc.z5.web.core.windows.net",
            "queue_encryption_key_type": "Service",
            "queue_properties": [
              {
                "cors_rule": [],
                "hour_metrics": [
                  {
                    "enabled": true,
                    "include_apis": true,
                    "retention_policy_days": 7,
                    "version": "1.0"
                  }
                ],
                "logging": [
                  {
                    "delete": false,
                    "read": false,
                    "retention_policy_days": 0,
                    "version": "1.0",
                    "write": false
                  }
                ],
                "minute_metrics": [
                  {
                    "enabled": false,
                    "include_apis": false,
                    "retention_policy_days": 0,
                    "version": "1.0"
                  }
                ]
              }
            ],
            "resource_group_name": "terraformRSG",
            "routing": [],
            "secondary_access_key": "lbT7fh1jseh6WGmduPa2kAwhEKqYddBCHmkfiknyqWQj0quOeMw18S9W6QleasLaDcI796/bWM+L4yNTXBK2zA==",
            "secondary_blob_connection_string": "",
            "secondary_blob_endpoint": null,
            "secondary_blob_host": null,
            "secondary_connection_string": "DefaultEndpointsProtocol=https;AccountName=diagfe97f4c23eef82bc;AccountKey=lbT7fh1jseh6WGmduPa2kAwhEKqYddBCHmkfiknyqWQj0quOeMw18S9W6QleasLaDcI796/bWM+L4yNTXBK2zA==;EndpointSuffix=core.windows.net",
            "secondary_dfs_endpoint": null,
            "secondary_dfs_host": null,
            "secondary_file_endpoint": null,
            "secondary_file_host": null,
            "secondary_location": "",
            "secondary_queue_endpoint": null,
            "secondary_queue_host": null,
            "secondary_table_endpoint": null,
            "secondary_table_host": null,
            "secondary_web_endpoint": null,
            "secondary_web_host": null,
            "share_properties": [
              {
                "cors_rule": [],
                "retention_policy": [
                  {
                    "days": 7
                  }
                ],
                "smb": []
              }
            ],
            "shared_access_key_enabled": true,
            "static_website": [],
            "table_encryption_key_type": "Service",
            "tags": {
              "environment": "Terraform Demo"
            },
            "timeouts": null
          },
          "sensitive_attributes": [],
          "private": "eyJlMmJmYjczMC1lY2FhLTExZTYtOGY4OC0zNDM2M2JjN2M0YzAiOnsiY3JlYXRlIjozNjAwMDAwMDAwMDAwLCJkZWxldGUiOjM2MDAwMDAwMDAwMDAsInJlYWQiOjMwMDAwMDAwMDAwMCwidXBkYXRlIjozNjAwMDAwMDAwMDAwfSwic2NoZW1hX3ZlcnNpb24iOiIyIn0=",
          "dependencies": [
            "azurerm_resource_group.myterraformgroup",
            "random_id.randomId"
          ]
        }
      ]
    },
    {
      "mode": "managed",
      "type": "azurerm_subnet",
      "name": "privatesubnet",
      "provider": "provider[\"registry.terraform.io/hashicorp/azurerm\"]",
      "instances": [
        {
          "schema_version": 0,
          "attributes": {
            "address_prefix": "10.1.1.0/24",
            "address_prefixes": [
              "10.1.1.0/24"
            ],
            "delegation": [],
            "enforce_private_link_endpoint_network_policies": false,
            "enforce_private_link_service_network_policies": false,
            "id": "/subscriptions/a2707b44-1087-4ba6-8c61-abb576b2ff66/resourceGroups/terraformRSG/providers/Microsoft.Network/virtualNetworks/fgtvnetwork/subnets/privateSubnet",
            "name": "privateSubnet",
            "resource_group_name": "terraformRSG",
            "service_endpoint_policy_ids": null,
            "service_endpoints": null,
            "timeouts": null,
            "virtual_network_name": "fgtvnetwork"
          },
          "sensitive_attributes": [],
          "private": "eyJlMmJmYjczMC1lY2FhLTExZTYtOGY4OC0zNDM2M2JjN2M0YzAiOnsiY3JlYXRlIjoxODAwMDAwMDAwMDAwLCJkZWxldGUiOjE4MDAwMDAwMDAwMDAsInJlYWQiOjMwMDAwMDAwMDAwMCwidXBkYXRlIjoxODAwMDAwMDAwMDAwfX0=",
          "dependencies": [
            "azurerm_resource_group.myterraformgroup",
            "azurerm_virtual_network.fgtvnetwork"
          ]
        }
      ]
    },
    {
      "mode": "managed",
      "type": "azurerm_subnet",
      "name": "publicsubnet",
      "provider": "provider[\"registry.terraform.io/hashicorp/azurerm\"]",
      "instances": [
        {
          "schema_version": 0,
          "attributes": {
            "address_prefix": "10.1.0.0/24",
            "address_prefixes": [
              "10.1.0.0/24"
            ],
            "delegation": [],
            "enforce_private_link_endpoint_network_policies": false,
            "enforce_private_link_service_network_policies": false,
            "id": "/subscriptions/a2707b44-1087-4ba6-8c61-abb576b2ff66/resourceGroups/terraformRSG/providers/Microsoft.Network/virtualNetworks/fgtvnetwork/subnets/publicSubnet",
            "name": "publicSubnet",
            "resource_group_name": "terraformRSG",
            "service_endpoint_policy_ids": null,
            "service_endpoints": null,
            "timeouts": null,
            "virtual_network_name": "fgtvnetwork"
          },
          "sensitive_attributes": [],
          "private": "eyJlMmJmYjczMC1lY2FhLTExZTYtOGY4OC0zNDM2M2JjN2M0YzAiOnsiY3JlYXRlIjoxODAwMDAwMDAwMDAwLCJkZWxldGUiOjE4MDAwMDAwMDAwMDAsInJlYWQiOjMwMDAwMDAwMDAwMCwidXBkYXRlIjoxODAwMDAwMDAwMDAwfX0=",
          "dependencies": [
            "azurerm_resource_group.myterraformgroup",
            "azurerm_virtual_network.fgtvnetwork"
          ]
        }
      ]
    },
    {
      "mode": "managed",
      "type": "azurerm_subnet_route_table_association",
      "name": "internalassociate",
      "provider": "provider[\"registry.terraform.io/hashicorp/azurerm\"]",
      "instances": [
        {
          "schema_version": 0,
          "attributes": {
            "id": "/subscriptions/a2707b44-1087-4ba6-8c61-abb576b2ff66/resourceGroups/terraformRSG/providers/Microsoft.Network/virtualNetworks/fgtvnetwork/subnets/privateSubnet",
            "route_table_id": "/subscriptions/a2707b44-1087-4ba6-8c61-abb576b2ff66/resourceGroups/terraformRSG/providers/Microsoft.Network/routeTables/InternalRouteTable1",
            "subnet_id": "/subscriptions/a2707b44-1087-4ba6-8c61-abb576b2ff66/resourceGroups/terraformRSG/providers/Microsoft.Network/virtualNetworks/fgtvnetwork/subnets/privateSubnet",
            "timeouts": null
          },
          "sensitive_attributes": [],
          "private": "eyJlMmJmYjczMC1lY2FhLTExZTYtOGY4OC0zNDM2M2JjN2M0YzAiOnsiY3JlYXRlIjoxODAwMDAwMDAwMDAwLCJkZWxldGUiOjE4MDAwMDAwMDAwMDAsInJlYWQiOjMwMDAwMDAwMDAwMCwidXBkYXRlIjoxODAwMDAwMDAwMDAwfX0=",
          "dependencies": [
            "azurerm_network_interface.fgtport1",
            "azurerm_network_interface.fgtport2",
            "azurerm_public_ip.FGTPublicIp",
            "azurerm_resource_group.myterraformgroup",
            "azurerm_route_table.internal",
            "azurerm_storage_account.fgtstorageaccount",
            "azurerm_subnet.privatesubnet",
            "azurerm_subnet.publicsubnet",
            "azurerm_virtual_machine.fgtvm",
            "azurerm_virtual_network.fgtvnetwork",
            "data.template_file.fgtvm",
            "random_id.randomId"
          ]
        }
      ]
    },
    {
      "mode": "managed",
      "type": "azurerm_virtual_machine",
      "name": "fgtvm",
      "provider": "provider[\"registry.terraform.io/hashicorp/azurerm\"]",
      "instances": [
        {
          "index_key": 0,
          "schema_version": 0,
          "attributes": {
            "additional_capabilities": [],
            "availability_set_id": null,
            "boot_diagnostics": [
              {
                "enabled": true,
                "storage_uri": "https://diagfe97f4c23eef82bc.blob.core.windows.net/"
              }
            ],
            "delete_data_disks_on_termination": false,
            "delete_os_disk_on_termination": false,
            "id": "/subscriptions/a2707b44-1087-4ba6-8c61-abb576b2ff66/resourceGroups/terraformRSG/providers/Microsoft.Compute/virtualMachines/fgtvm",
            "identity": [],
            "license_type": null,
            "location": "westus2",
            "name": "fgtvm",
            "network_interface_ids": [
              "/subscriptions/a2707b44-1087-4ba6-8c61-abb576b2ff66/resourceGroups/terraformRSG/providers/Microsoft.Network/networkInterfaces/fgtport1",
              "/subscriptions/a2707b44-1087-4ba6-8c61-abb576b2ff66/resourceGroups/terraformRSG/providers/Microsoft.Network/networkInterfaces/fgtport2"
            ],
            "os_profile": [
              {
                "admin_password": "Fortinet123#",
                "admin_username": "azureadmin",
                "computer_name": "fgtvm",
                "custom_data": "196363f2f79117cda3df4f0f33cb74ddd151b935"
              }
            ],
            "os_profile_linux_config": [
              {
                "disable_password_authentication": false,
                "ssh_keys": []
              }
            ],
            "os_profile_secrets": [],
            "os_profile_windows_config": [],
            "plan": [
              {
                "name": "fortinet_fg-vm_payg_20190624",
                "product": "fortinet_fortigate-vm_v5",
                "publisher": "fortinet"
              }
            ],
            "primary_network_interface_id": "/subscriptions/a2707b44-1087-4ba6-8c61-abb576b2ff66/resourceGroups/terraformRSG/providers/Microsoft.Network/networkInterfaces/fgtport1",
            "proximity_placement_group_id": null,
            "resource_group_name": "terraformRSG",
            "storage_data_disk": [
              {
                "caching": "None",
                "create_option": "Empty",
                "disk_size_gb": 30,
                "lun": 0,
                "managed_disk_id": "/subscriptions/a2707b44-1087-4ba6-8c61-abb576b2ff66/resourceGroups/terraformRSG/providers/Microsoft.Compute/disks/fgtvmdatadisk",
                "managed_disk_type": "Standard_LRS",
                "name": "fgtvmdatadisk",
                "vhd_uri": "",
                "write_accelerator_enabled": false
              }
            ],
            "storage_image_reference": [
              {
                "id": "",
                "offer": "fortinet_fortigate-vm_v5",
                "publisher": "fortinet",
                "sku": "fortinet_fg-vm_payg_20190624",
                "version": "7.0.2"
              }
            ],
            "storage_os_disk": [
              {
                "caching": "ReadWrite",
                "create_option": "FromImage",
                "disk_size_gb": 2,
                "image_uri": "",
                "managed_disk_id": "/subscriptions/a2707b44-1087-4ba6-8c61-abb576b2ff66/resourceGroups/terraformRSG/providers/Microsoft.Compute/disks/osDisk",
                "managed_disk_type": "Standard_LRS",
                "name": "osDisk",
                "os_type": "Linux",
                "vhd_uri": "",
                "write_accelerator_enabled": false
              }
            ],
            "tags": {
              "environment": "Terraform Demo"
            },
            "timeouts": null,
            "vm_size": "Standard_F4",
            "zones": null
          },
          "sensitive_attributes": [],
          "private": "eyJlMmJmYjczMC1lY2FhLTExZTYtOGY4OC0zNDM2M2JjN2M0YzAiOnsiY3JlYXRlIjozNjAwMDAwMDAwMDAwLCJkZWxldGUiOjM2MDAwMDAwMDAwMDAsInJlYWQiOjMwMDAwMDAwMDAwMCwidXBkYXRlIjozNjAwMDAwMDAwMDAwfX0=",
          "dependencies": [
            "azurerm_network_interface.fgtport1",
            "azurerm_network_interface.fgtport2",
            "azurerm_public_ip.FGTPublicIp",
            "azurerm_resource_group.myterraformgroup",
            "azurerm_storage_account.fgtstorageaccount",
            "azurerm_subnet.privatesubnet",
            "azurerm_subnet.publicsubnet",
            "azurerm_virtual_network.fgtvnetwork",
            "data.template_file.fgtvm",
            "random_id.randomId"
          ]
        }
      ]
    },
    {
      "mode": "managed",
      "type": "azurerm_virtual_network",
      "name": "fgtvnetwork",
      "provider": "provider[\"registry.terraform.io/hashicorp/azurerm\"]",
      "instances": [
        {
          "schema_version": 0,
          "attributes": {
            "address_space": [
              "10.1.0.0/16"
            ],
            "bgp_community": "",
            "ddos_protection_plan": [],
            "dns_servers": [],
            "flow_timeout_in_minutes": 0,
            "guid": "cd450136-ac1e-4d60-b881-7a228b80b977",
            "id": "/subscriptions/a2707b44-1087-4ba6-8c61-abb576b2ff66/resourceGroups/terraformRSG/providers/Microsoft.Network/virtualNetworks/fgtvnetwork",
            "location": "westus2",
            "name": "fgtvnetwork",
            "resource_group_name": "terraformRSG",
            "subnet": [],
            "tags": {
              "environment": "Terraform Demo"
            },
            "timeouts": null,
            "vm_protection_enabled": false
          },
          "sensitive_attributes": [],
          "private": "eyJlMmJmYjczMC1lY2FhLTExZTYtOGY4OC0zNDM2M2JjN2M0YzAiOnsiY3JlYXRlIjoxODAwMDAwMDAwMDAwLCJkZWxldGUiOjE4MDAwMDAwMDAwMDAsInJlYWQiOjMwMDAwMDAwMDAwMCwidXBkYXRlIjoxODAwMDAwMDAwMDAwfX0=",
          "dependencies": [
            "azurerm_resource_group.myterraformgroup"
          ]
        }
      ]
    },
    {
      "mode": "managed",
      "type": "random_id",
      "name": "randomId",
      "provider": "provider[\"registry.terraform.io/hashicorp/random\"]",
      "instances": [
        {
          "schema_version": 0,
          "attributes": {
            "b64_std": "/pf0wj7vgrw=",
            "b64_url": "_pf0wj7vgrw",
            "byte_length": 8,
            "dec": "18345400722233721532",
            "hex": "fe97f4c23eef82bc",
            "id": "_pf0wj7vgrw",
            "keepers": {
              "resource_group": "terraformRSG"
            },
            "prefix": null
          },
          "sensitive_attributes": [],
          "private": "bnVsbA==",
          "dependencies": [
            "azurerm_resource_group.myterraformgroup"
          ]
        }
      ]
    }
  ]
}
